
Microsoft Visual Studio Solution File, Format Version 12.00
# Visual Studio Version 17
VisualStudioVersion = 17.14.36930.0 d17.14
MinimumVisualStudioVersion = 10.0.40219.1
Project("{FAE04EC0-301F-11D3-BF4B-00C04F79EFBC}") = "CSAT", "CSAT.csproj", "{BA3C565B-14F0-4D7A-ADD8-D828CB367576}"
EndProject
Project("{FAE04EC0-301F-11D3-BF4B-00C04F79EFBC}") = "CSAT.Launcher", "CSAT.Launcher\CSAT.Launcher.csproj", "{884B2F0A-9B81-49BC-9523-F52A40560B1D}"
EndProject
Global
	GlobalSection(SolutionConfigurationPlatforms) = preSolution
		Debug|Any CPU = Debug|Any CPU
		Release|Any CPU = Release|Any CPU
	EndGlobalSection
	GlobalSection(ProjectConfigurationPlatforms) = postSolution
		{BA3C565B-14F0-4D7A-ADD8-D828CB367576}.Debug|Any CPU.ActiveCfg = Debug|Any CPU
		{BA3C565B-14F0-4D7A-ADD8-D828CB367576}.Debug|Any CPU.Build.0 = Debug|Any CPU
		{BA3C565B-14F0-4D7A-ADD8-D828CB367576}.Release|Any CPU.ActiveCfg = Release|Any CPU
		{BA3C565B-14F0-4D7A-ADD8-D828CB367576}.Release|Any CPU.Build.0 = Release|Any CPU
		{884B2F0A-9B81-49BC-9523-F52A40560B1D}.Debug|Any CPU.ActiveCfg = Debug|Any CPU
		{884B2F0A-9B81-49BC-9523-F52A40560B1D}.Debug|Any CPU.Build.0 = Debug|Any CPU
		{884B2F0A-9B81-49BC-9523-F52A40560B1D}.Release|Any CPU.ActiveCfg = Release|Any CPU
		{884B2F0A-9B81-49BC-9523-F52A40560B1D}.Release|Any CPU.Build.0 = Release|Any CPU
	EndGlobalSection
	GlobalSection(SolutionProperties) = preSolution
		HideSolutionNode = FALSE
	EndGlobalSection
	GlobalSection(ExtensibilityGlobals) = postSolution
		SolutionGuid = {4FE2474C-4796-473C-97B4-51ED7C21E322}
	EndGlobalSection
EndGlobal
